{
  "name": "purchasing-manager",
  "version": "1.0.0",
  "lockfileVersion": 1,
  "requires": true,
  "dependencies": {
    "@types/google-apps-script": {
      "version": "0.0.62",
      "resolved": "https://registry.npmjs.org/@types/google-apps-script/-/google-apps-script-0.0.62.tgz",
      "integrity": "sha512-KFgKLEBLKOgstMjDIEADFFBKkwywcRShtWpNMHADbWmYRLgRYvtVpNCkwcGi/QRua0iYUByLy3UBiazd57o8Dg==",
      "dev": true
    },
    "eslint-config-google": {
      "version": "0.14.0",
      "resolved": "https://registry.npmjs.org/eslint-config-google/-/eslint-config-google-0.14.0.tgz",
      "integrity": "sha512-WsbX4WbjuMvTdeVL6+J3rK1RGhCTqjsFjX7UMSMgZiyxxaNLkoJENbrGExzERFeoTpGw3F3FypTiWAP9ZXzkEw==",
      "dev": true
    },
    "eslint-plugin-googleappsscript": {
      "version": "1.0.3",
      "resolved": "https://registry.npmjs.org/eslint-plugin-googleappsscript/-/eslint-plugin-googleappsscript-1.0.3.tgz",
      "integrity": "sha512-Dgcbu8w2HzAze0T4AyIVUfS6g213q1sMZ+BDkfUlulL79HMiLLocD1gt8XnKJ0fgutUkhAsIVuuHxNs3tmrlWA==",
      "dev": true,
      "requires": {
        "requireindex": "~1.1.0"
      }
    },
    "requireindex": {
      "version": "1.1.0",
      "resolved": "https://registry.npmjs.org/requireindex/-/requireindex-1.1.0.tgz",
      "integrity": "sha1-5UBLgVV+91225JxacgBIk/4D4WI=",
      "dev": true
    }
  }
}
